
Microsoft Visual Studio Solution File, Format Version 12.00
# Visual Studio 15
VisualStudioVersion = 15.0.28307.106
MinimumVisualStudioVersion = 10.0.40219.1
Project("{FAE04EC0-301F-11D3-BF4B-00C04F79EFBC}") = "AccesSQL", "AccesSQL\AccesSQL.csproj", "{708003D7-D45E-4B7C-9A99-8B64FBDAEA31}"
EndProject
Global
	GlobalSection(SolutionConfigurationPlatforms) = preSolution
		Debug|Any CPU = Debug|Any CPU
		Release|Any CPU = Release|Any CPU
	EndGlobalSection
	GlobalSection(ProjectConfigurationPlatforms) = postSolution
		{708003D7-D45E-4B7C-9A99-8B64FBDAEA31}.Debug|Any CPU.ActiveCfg = Debug|Any CPU
		{708003D7-D45E-4B7C-9A99-8B64FBDAEA31}.Debug|Any CPU.Build.0 = Debug|Any CPU
		{708003D7-D45E-4B7C-9A99-8B64FBDAEA31}.Release|Any CPU.ActiveCfg = Release|Any CPU
		{708003D7-D45E-4B7C-9A99-8B64FBDAEA31}.Release|Any CPU.Build.0 = Release|Any CPU
	EndGlobalSection
	GlobalSection(SolutionProperties) = preSolution
		HideSolutionNode = FALSE
	EndGlobalSection
	GlobalSection(ExtensibilityGlobals) = postSolution
		SolutionGuid = {7D5F9888-EC97-42E1-A567-9F6070F9C29A}
	EndGlobalSection
EndGlobal
